
Microsoft Visual Studio Solution File, Format Version 12.00
Project("{FAE04EC0-301F-11D3-BF4B-00C04F79EFBC}") = "Keryhe.Telemetry.Data", "src\Keryhe.Telemetry.Data\Keryhe.Telemetry.Data.csproj", "{73898E55-F3ED-4965-90AB-DB669D7B8394}"
EndProject
Project("{FAE04EC0-301F-11D3-BF4B-00C04F79EFBC}") = "Keryhe.Telemetry.Proto.Server", "src\Keryhe.Telemetry.Proto.Server\Keryhe.Telemetry.Proto.Server.csproj", "{A7609EC5-2EB2-4A89-8307-EE623D435880}"
EndProject
Project("{FAE04EC0-301F-11D3-BF4B-00C04F79EFBC}") = "Keryhe.Telemetry.Core", "src\Keryhe.Telemetry.Core\Keryhe.Telemetry.Core.csproj", "{3527A5C9-A9B7-4040-80CC-C612A2A8D640}"
EndProject
Project("{FAE04EC0-301F-11D3-BF4B-00C04F79EFBC}") = "Keryhe.Telemetry.TestDataGenerator", "src\Keryhe.Telemetry.TestDataGenerator\Keryhe.Telemetry.TestDataGenerator.csproj", "{E5A8C1B9-8F7D-4E2C-9A1B-C5D7E2F9A3B1}"
EndProject
Project("{FAE04EC0-301F-11D3-BF4B-00C04F79EFBC}") = "Keryhe.Telemetry.Alerting", "src\Keryhe.Telemetry.Alerting\Keryhe.Telemetry.Alerting.csproj", "{C4D5E6F7-A8B9-4C0D-1E2F-3A4B5C6D7E8F}"
EndProject
Project("{FAE04EC0-301F-11D3-BF4B-00C04F79EFBC}") = "Keryhe.Telemetry.Timescale", "src\Keryhe.Telemetry.Timescale\Keryhe.Telemetry.Timescale.csproj", "{F91D4A0B-A9C1-42EC-823A-53EDA6F6AB08}"
EndProject
Project("{FAE04EC0-301F-11D3-BF4B-00C04F79EFBC}") = "Keryhe.Telemetry.SqlServer", "src\Keryhe.Telemetry.SqlServer\Keryhe.Telemetry.SqlServer.csproj", "{698C7947-BE83-4F4F-A402-AC121EEC00EF}"
EndProject
Project("{FAE04EC0-301F-11D3-BF4B-00C04F79EFBC}") = "Keryhe.Telemetry.Api", "src\Keryhe.Telemetry.Api\Keryhe.Telemetry.Api.csproj", "{39B94C70-2F19-4DA7-8999-79FC403D4851}"
EndProject
Project("{FAE04EC0-301F-11D3-BF4B-00C04F79EFBC}") = "Keryhe.Telemetry.PostgreSQL", "src\Keryhe.Telemetry.PostgreSQL\Keryhe.Telemetry.PostgreSQL.csproj", "{1270F29C-8187-4F91-A4FD-12144135511A}"
EndProject
Project("{2150E333-8FDC-42A3-9474-1A3956D46DE8}") = "src", "src", "{827E0CD3-B72D-47B6-A68D-7590B98EB39B}"
EndProject
Project("{FAE04EC0-301F-11D3-BF4B-00C04F79EFBC}") = "Keryhe.Telemetry.Proto", "src\Keryhe.Telemetry.Proto\Keryhe.Telemetry.Proto.csproj", "{3A29D5CD-6D24-48B7-94CE-5E28FCD2070A}"
EndProject
Project("{FAE04EC0-301F-11D3-BF4B-00C04F79EFBC}") = "Keryhe.Telemetry.Api.Server", "src\Keryhe.Telemetry.Api.Server\Keryhe.Telemetry.Api.Server.csproj", "{F78626C1-673A-4811-A4CD-CEEAF043058D}"
EndProject
Global
	GlobalSection(SolutionConfigurationPlatforms) = preSolution
		Debug|Any CPU = Debug|Any CPU
		Debug|x64 = Debug|x64
		Debug|x86 = Debug|x86
		Release|Any CPU = Release|Any CPU
		Release|x64 = Release|x64
		Release|x86 = Release|x86
	EndGlobalSection
	GlobalSection(ProjectConfigurationPlatforms) = postSolution
		{73898E55-F3ED-4965-90AB-DB669D7B8394}.Debug|Any CPU.ActiveCfg = Debug|Any CPU
		{73898E55-F3ED-4965-90AB-DB669D7B8394}.Debug|Any CPU.Build.0 = Debug|Any CPU
		{73898E55-F3ED-4965-90AB-DB669D7B8394}.Debug|x64.ActiveCfg = Debug|Any CPU
		{73898E55-F3ED-4965-90AB-DB669D7B8394}.Debug|x64.Build.0 = Debug|Any CPU
		{73898E55-F3ED-4965-90AB-DB669D7B8394}.Debug|x86.ActiveCfg = Debug|Any CPU
		{73898E55-F3ED-4965-90AB-DB669D7B8394}.Debug|x86.Build.0 = Debug|Any CPU
		{73898E55-F3ED-4965-90AB-DB669D7B8394}.Release|Any CPU.ActiveCfg = Release|Any CPU
		{73898E55-F3ED-4965-90AB-DB669D7B8394}.Release|Any CPU.Build.0 = Release|Any CPU
		{73898E55-F3ED-4965-90AB-DB669D7B8394}.Release|x64.ActiveCfg = Release|Any CPU
		{73898E55-F3ED-4965-90AB-DB669D7B8394}.Release|x64.Build.0 = Release|Any CPU
		{73898E55-F3ED-4965-90AB-DB669D7B8394}.Release|x86.ActiveCfg = Release|Any CPU
		{73898E55-F3ED-4965-90AB-DB669D7B8394}.Release|x86.Build.0 = Release|Any CPU
		{A7609EC5-2EB2-4A89-8307-EE623D435880}.Debug|Any CPU.ActiveCfg = Debug|Any CPU
		{A7609EC5-2EB2-4A89-8307-EE623D435880}.Debug|Any CPU.Build.0 = Debug|Any CPU
		{A7609EC5-2EB2-4A89-8307-EE623D435880}.Debug|x64.ActiveCfg = Debug|Any CPU
		{A7609EC5-2EB2-4A89-8307-EE623D435880}.Debug|x64.Build.0 = Debug|Any CPU
		{A7609EC5-2EB2-4A89-8307-EE623D435880}.Debug|x86.ActiveCfg = Debug|Any CPU
		{A7609EC5-2EB2-4A89-8307-EE623D435880}.Debug|x86.Build.0 = Debug|Any CPU
		{A7609EC5-2EB2-4A89-8307-EE623D435880}.Release|Any CPU.ActiveCfg = Release|Any CPU
		{A7609EC5-2EB2-4A89-8307-EE623D435880}.Release|Any CPU.Build.0 = Release|Any CPU
		{A7609EC5-2EB2-4A89-8307-EE623D435880}.Release|x64.ActiveCfg = Release|Any CPU
		{A7609EC5-2EB2-4A89-8307-EE623D435880}.Release|x64.Build.0 = Release|Any CPU
		{A7609EC5-2EB2-4A89-8307-EE623D435880}.Release|x86.ActiveCfg = Release|Any CPU
		{A7609EC5-2EB2-4A89-8307-EE623D435880}.Release|x86.Build.0 = Release|Any CPU
		{3527A5C9-A9B7-4040-80CC-C612A2A8D640}.Debug|Any CPU.ActiveCfg = Debug|Any CPU
		{3527A5C9-A9B7-4040-80CC-C612A2A8D640}.Debug|Any CPU.Build.0 = Debug|Any CPU
		{3527A5C9-A9B7-4040-80CC-C612A2A8D640}.Debug|x64.ActiveCfg = Debug|Any CPU
		{3527A5C9-A9B7-4040-80CC-C612A2A8D640}.Debug|x64.Build.0 = Debug|Any CPU
		{3527A5C9-A9B7-4040-80CC-C612A2A8D640}.Debug|x86.ActiveCfg = Debug|Any CPU
		{3527A5C9-A9B7-4040-80CC-C612A2A8D640}.Debug|x86.Build.0 = Debug|Any CPU
		{3527A5C9-A9B7-4040-80CC-C612A2A8D640}.Release|Any CPU.ActiveCfg = Release|Any CPU
		{3527A5C9-A9B7-4040-80CC-C612A2A8D640}.Release|Any CPU.Build.0 = Release|Any CPU
		{3527A5C9-A9B7-4040-80CC-C612A2A8D640}.Release|x64.ActiveCfg = Release|Any CPU
		{3527A5C9-A9B7-4040-80CC-C612A2A8D640}.Release|x64.Build.0 = Release|Any CPU
		{3527A5C9-A9B7-4040-80CC-C612A2A8D640}.Release|x86.ActiveCfg = Release|Any CPU
		{3527A5C9-A9B7-4040-80CC-C612A2A8D640}.Release|x86.Build.0 = Release|Any CPU
		{E5A8C1B9-8F7D-4E2C-9A1B-C5D7E2F9A3B1}.Debug|Any CPU.ActiveCfg = Debug|Any CPU
		{E5A8C1B9-8F7D-4E2C-9A1B-C5D7E2F9A3B1}.Debug|Any CPU.Build.0 = Debug|Any CPU
		{E5A8C1B9-8F7D-4E2C-9A1B-C5D7E2F9A3B1}.Debug|x64.ActiveCfg = Debug|Any CPU
		{E5A8C1B9-8F7D-4E2C-9A1B-C5D7E2F9A3B1}.Debug|x64.Build.0 = Debug|Any CPU
		{E5A8C1B9-8F7D-4E2C-9A1B-C5D7E2F9A3B1}.Debug|x86.ActiveCfg = Debug|Any CPU
		{E5A8C1B9-8F7D-4E2C-9A1B-C5D7E2F9A3B1}.Debug|x86.Build.0 = Debug|Any CPU
		{E5A8C1B9-8F7D-4E2C-9A1B-C5D7E2F9A3B1}.Release|Any CPU.ActiveCfg = Release|Any CPU
		{E5A8C1B9-8F7D-4E2C-9A1B-C5D7E2F9A3B1}.Release|Any CPU.Build.0 = Release|Any CPU
		{E5A8C1B9-8F7D-4E2C-9A1B-C5D7E2F9A3B1}.Release|x64.ActiveCfg = Release|Any CPU
		{E5A8C1B9-8F7D-4E2C-9A1B-C5D7E2F9A3B1}.Release|x64.Build.0 = Release|Any CPU
		{E5A8C1B9-8F7D-4E2C-9A1B-C5D7E2F9A3B1}.Release|x86.ActiveCfg = Release|Any CPU
		{E5A8C1B9-8F7D-4E2C-9A1B-C5D7E2F9A3B1}.Release|x86.Build.0 = Release|Any CPU
		{C4D5E6F7-A8B9-4C0D-1E2F-3A4B5C6D7E8F}.Debug|Any CPU.ActiveCfg = Debug|Any CPU
		{C4D5E6F7-A8B9-4C0D-1E2F-3A4B5C6D7E8F}.Debug|Any CPU.Build.0 = Debug|Any CPU
		{C4D5E6F7-A8B9-4C0D-1E2F-3A4B5C6D7E8F}.Debug|x64.ActiveCfg = Debug|Any CPU
		{C4D5E6F7-A8B9-4C0D-1E2F-3A4B5C6D7E8F}.Debug|x64.Build.0 = Debug|Any CPU
		{C4D5E6F7-A8B9-4C0D-1E2F-3A4B5C6D7E8F}.Debug|x86.ActiveCfg = Debug|Any CPU
		{C4D5E6F7-A8B9-4C0D-1E2F-3A4B5C6D7E8F}.Debug|x86.Build.0 = Debug|Any CPU
		{C4D5E6F7-A8B9-4C0D-1E2F-3A4B5C6D7E8F}.Release|Any CPU.ActiveCfg = Release|Any CPU
		{C4D5E6F7-A8B9-4C0D-1E2F-3A4B5C6D7E8F}.Release|Any CPU.Build.0 = Release|Any CPU
		{C4D5E6F7-A8B9-4C0D-1E2F-3A4B5C6D7E8F}.Release|x64.ActiveCfg = Release|Any CPU
		{C4D5E6F7-A8B9-4C0D-1E2F-3A4B5C6D7E8F}.Release|x64.Build.0 = Release|Any CPU
		{C4D5E6F7-A8B9-4C0D-1E2F-3A4B5C6D7E8F}.Release|x86.ActiveCfg = Release|Any CPU
		{C4D5E6F7-A8B9-4C0D-1E2F-3A4B5C6D7E8F}.Release|x86.Build.0 = Release|Any CPU
		{F91D4A0B-A9C1-42EC-823A-53EDA6F6AB08}.Debug|Any CPU.ActiveCfg = Debug|Any CPU
		{F91D4A0B-A9C1-42EC-823A-53EDA6F6AB08}.Debug|Any CPU.Build.0 = Debug|Any CPU
		{F91D4A0B-A9C1-42EC-823A-53EDA6F6AB08}.Debug|x64.ActiveCfg = Debug|Any CPU
		{F91D4A0B-A9C1-42EC-823A-53EDA6F6AB08}.Debug|x64.Build.0 = Debug|Any CPU
		{F91D4A0B-A9C1-42EC-823A-53EDA6F6AB08}.Debug|x86.ActiveCfg = Debug|Any CPU
		{F91D4A0B-A9C1-42EC-823A-53EDA6F6AB08}.Debug|x86.Build.0 = Debug|Any CPU
		{F91D4A0B-A9C1-42EC-823A-53EDA6F6AB08}.Release|Any CPU.ActiveCfg = Release|Any CPU
		{F91D4A0B-A9C1-42EC-823A-53EDA6F6AB08}.Release|Any CPU.Build.0 = Release|Any CPU
		{F91D4A0B-A9C1-42EC-823A-53EDA6F6AB08}.Release|x64.ActiveCfg = Release|Any CPU
		{F91D4A0B-A9C1-42EC-823A-53EDA6F6AB08}.Release|x64.Build.0 = Release|Any CPU
		{F91D4A0B-A9C1-42EC-823A-53EDA6F6AB08}.Release|x86.ActiveCfg = Release|Any CPU
		{F91D4A0B-A9C1-42EC-823A-53EDA6F6AB08}.Release|x86.Build.0 = Release|Any CPU
		{698C7947-BE83-4F4F-A402-AC121EEC00EF}.Debug|Any CPU.ActiveCfg = Debug|Any CPU
		{698C7947-BE83-4F4F-A402-AC121EEC00EF}.Debug|Any CPU.Build.0 = Debug|Any CPU
		{698C7947-BE83-4F4F-A402-AC121EEC00EF}.Debug|x64.ActiveCfg = Debug|Any CPU
		{698C7947-BE83-4F4F-A402-AC121EEC00EF}.Debug|x64.Build.0 = Debug|Any CPU
		{698C7947-BE83-4F4F-A402-AC121EEC00EF}.Debug|x86.ActiveCfg = Debug|Any CPU
		{698C7947-BE83-4F4F-A402-AC121EEC00EF}.Debug|x86.Build.0 = Debug|Any CPU
		{698C7947-BE83-4F4F-A402-AC121EEC00EF}.Release|Any CPU.ActiveCfg = Release|Any CPU
		{698C7947-BE83-4F4F-A402-AC121EEC00EF}.Release|Any CPU.Build.0 = Release|Any CPU
		{698C7947-BE83-4F4F-A402-AC121EEC00EF}.Release|x64.ActiveCfg = Release|Any CPU
		{698C7947-BE83-4F4F-A402-AC121EEC00EF}.Release|x64.Build.0 = Release|Any CPU
		{698C7947-BE83-4F4F-A402-AC121EEC00EF}.Release|x86.ActiveCfg = Release|Any CPU
		{698C7947-BE83-4F4F-A402-AC121EEC00EF}.Release|x86.Build.0 = Release|Any CPU
		{39B94C70-2F19-4DA7-8999-79FC403D4851}.Debug|Any CPU.ActiveCfg = Debug|Any CPU
		{39B94C70-2F19-4DA7-8999-79FC403D4851}.Debug|Any CPU.Build.0 = Debug|Any CPU
		{39B94C70-2F19-4DA7-8999-79FC403D4851}.Debug|x64.ActiveCfg = Debug|Any CPU
		{39B94C70-2F19-4DA7-8999-79FC403D4851}.Debug|x64.Build.0 = Debug|Any CPU
		{39B94C70-2F19-4DA7-8999-79FC403D4851}.Debug|x86.ActiveCfg = Debug|Any CPU
		{39B94C70-2F19-4DA7-8999-79FC403D4851}.Debug|x86.Build.0 = Debug|Any CPU
		{39B94C70-2F19-4DA7-8999-79FC403D4851}.Release|Any CPU.ActiveCfg = Release|Any CPU
		{39B94C70-2F19-4DA7-8999-79FC403D4851}.Release|Any CPU.Build.0 = Release|Any CPU
		{39B94C70-2F19-4DA7-8999-79FC403D4851}.Release|x64.ActiveCfg = Release|Any CPU
		{39B94C70-2F19-4DA7-8999-79FC403D4851}.Release|x64.Build.0 = Release|Any CPU
		{39B94C70-2F19-4DA7-8999-79FC403D4851}.Release|x86.ActiveCfg = Release|Any CPU
		{39B94C70-2F19-4DA7-8999-79FC403D4851}.Release|x86.Build.0 = Release|Any CPU
		{1270F29C-8187-4F91-A4FD-12144135511A}.Debug|Any CPU.ActiveCfg = Debug|Any CPU
		{1270F29C-8187-4F91-A4FD-12144135511A}.Debug|Any CPU.Build.0 = Debug|Any CPU
		{1270F29C-8187-4F91-A4FD-12144135511A}.Debug|x64.ActiveCfg = Debug|Any CPU
		{1270F29C-8187-4F91-A4FD-12144135511A}.Debug|x64.Build.0 = Debug|Any CPU
		{1270F29C-8187-4F91-A4FD-12144135511A}.Debug|x86.ActiveCfg = Debug|Any CPU
		{1270F29C-8187-4F91-A4FD-12144135511A}.Debug|x86.Build.0 = Debug|Any CPU
		{1270F29C-8187-4F91-A4FD-12144135511A}.Release|Any CPU.ActiveCfg = Release|Any CPU
		{1270F29C-8187-4F91-A4FD-12144135511A}.Release|Any CPU.Build.0 = Release|Any CPU
		{1270F29C-8187-4F91-A4FD-12144135511A}.Release|x64.ActiveCfg = Release|Any CPU
		{1270F29C-8187-4F91-A4FD-12144135511A}.Release|x64.Build.0 = Release|Any CPU
		{1270F29C-8187-4F91-A4FD-12144135511A}.Release|x86.ActiveCfg = Release|Any CPU
		{1270F29C-8187-4F91-A4FD-12144135511A}.Release|x86.Build.0 = Release|Any CPU
		{3A29D5CD-6D24-48B7-94CE-5E28FCD2070A}.Debug|Any CPU.ActiveCfg = Debug|Any CPU
		{3A29D5CD-6D24-48B7-94CE-5E28FCD2070A}.Debug|Any CPU.Build.0 = Debug|Any CPU
		{3A29D5CD-6D24-48B7-94CE-5E28FCD2070A}.Debug|x64.ActiveCfg = Debug|Any CPU
		{3A29D5CD-6D24-48B7-94CE-5E28FCD2070A}.Debug|x64.Build.0 = Debug|Any CPU
		{3A29D5CD-6D24-48B7-94CE-5E28FCD2070A}.Debug|x86.ActiveCfg = Debug|Any CPU
		{3A29D5CD-6D24-48B7-94CE-5E28FCD2070A}.Debug|x86.Build.0 = Debug|Any CPU
		{3A29D5CD-6D24-48B7-94CE-5E28FCD2070A}.Release|Any CPU.ActiveCfg = Release|Any CPU
		{3A29D5CD-6D24-48B7-94CE-5E28FCD2070A}.Release|Any CPU.Build.0 = Release|Any CPU
		{3A29D5CD-6D24-48B7-94CE-5E28FCD2070A}.Release|x64.ActiveCfg = Release|Any CPU
		{3A29D5CD-6D24-48B7-94CE-5E28FCD2070A}.Release|x64.Build.0 = Release|Any CPU
		{3A29D5CD-6D24-48B7-94CE-5E28FCD2070A}.Release|x86.ActiveCfg = Release|Any CPU
		{3A29D5CD-6D24-48B7-94CE-5E28FCD2070A}.Release|x86.Build.0 = Release|Any CPU
		{F78626C1-673A-4811-A4CD-CEEAF043058D}.Debug|Any CPU.ActiveCfg = Debug|Any CPU
		{F78626C1-673A-4811-A4CD-CEEAF043058D}.Debug|Any CPU.Build.0 = Debug|Any CPU
		{F78626C1-673A-4811-A4CD-CEEAF043058D}.Debug|x64.ActiveCfg = Debug|Any CPU
		{F78626C1-673A-4811-A4CD-CEEAF043058D}.Debug|x64.Build.0 = Debug|Any CPU
		{F78626C1-673A-4811-A4CD-CEEAF043058D}.Debug|x86.ActiveCfg = Debug|Any CPU
		{F78626C1-673A-4811-A4CD-CEEAF043058D}.Debug|x86.Build.0 = Debug|Any CPU
		{F78626C1-673A-4811-A4CD-CEEAF043058D}.Release|Any CPU.ActiveCfg = Release|Any CPU
		{F78626C1-673A-4811-A4CD-CEEAF043058D}.Release|Any CPU.Build.0 = Release|Any CPU
		{F78626C1-673A-4811-A4CD-CEEAF043058D}.Release|x64.ActiveCfg = Release|Any CPU
		{F78626C1-673A-4811-A4CD-CEEAF043058D}.Release|x64.Build.0 = Release|Any CPU
		{F78626C1-673A-4811-A4CD-CEEAF043058D}.Release|x86.ActiveCfg = Release|Any CPU
		{F78626C1-673A-4811-A4CD-CEEAF043058D}.Release|x86.Build.0 = Release|Any CPU
	EndGlobalSection
	GlobalSection(SolutionProperties) = preSolution
		HideSolutionNode = FALSE
	EndGlobalSection
	GlobalSection(NestedProjects) = preSolution
		{3A29D5CD-6D24-48B7-94CE-5E28FCD2070A} = {827E0CD3-B72D-47B6-A68D-7590B98EB39B}
		{F78626C1-673A-4811-A4CD-CEEAF043058D} = {827E0CD3-B72D-47B6-A68D-7590B98EB39B}
	EndGlobalSection
EndGlobal
